
Microsoft Visual Studio Solution File, Format Version 12.00
# Visual Studio Version 17
VisualStudioVersion = 17.6.33815.320
MinimumVisualStudioVersion = 10.0.40219.1
Project("{9A19103F-16F7-4668-BE54-9A1E7A4F7556}") = "MemorizeWords", "MemorizeWords\MemorizeWords.csproj", "{959D9E50-A249-4CB4-9D51-821D76EB3E36}"
EndProject
Project("{E53339B2-1760-4266-BCC7-CA923CBCF16C}") = "docker-compose", "docker-compose.dcproj", "{3BC2FCF6-CF39-4F30-93D3-3F051A881337}"
EndProject
Project("{9A19103F-16F7-4668-BE54-9A1E7A4F7556}") = "MemorizeWords-UnitTest", "..\MemorizeWords-UnitTest\MemorizeWords-UnitTest.csproj", "{5C65D6EF-73D7-44AE-AE94-BD878788F997}"
EndProject
Global
	GlobalSection(SolutionConfigurationPlatforms) = preSolution
		Debug|Any CPU = Debug|Any CPU
		Release|Any CPU = Release|Any CPU
	EndGlobalSection
	GlobalSection(ProjectConfigurationPlatforms) = postSolution
		{959D9E50-A249-4CB4-9D51-821D76EB3E36}.Debug|Any CPU.ActiveCfg = Debug|Any CPU
		{959D9E50-A249-4CB4-9D51-821D76EB3E36}.Debug|Any CPU.Build.0 = Debug|Any CPU
		{959D9E50-A249-4CB4-9D51-821D76EB3E36}.Release|Any CPU.ActiveCfg = Release|Any CPU
		{959D9E50-A249-4CB4-9D51-821D76EB3E36}.Release|Any CPU.Build.0 = Release|Any CPU
		{3BC2FCF6-CF39-4F30-93D3-3F051A881337}.Debug|Any CPU.ActiveCfg = Debug|Any CPU
		{3BC2FCF6-CF39-4F30-93D3-3F051A881337}.Debug|Any CPU.Build.0 = Debug|Any CPU
		{3BC2FCF6-CF39-4F30-93D3-3F051A881337}.Release|Any CPU.ActiveCfg = Release|Any CPU
		{3BC2FCF6-CF39-4F30-93D3-3F051A881337}.Release|Any CPU.Build.0 = Release|Any CPU
		{5C65D6EF-73D7-44AE-AE94-BD878788F997}.Debug|Any CPU.ActiveCfg = Debug|Any CPU
		{5C65D6EF-73D7-44AE-AE94-BD878788F997}.Debug|Any CPU.Build.0 = Debug|Any CPU
		{5C65D6EF-73D7-44AE-AE94-BD878788F997}.Release|Any CPU.ActiveCfg = Release|Any CPU
		{5C65D6EF-73D7-44AE-AE94-BD878788F997}.Release|Any CPU.Build.0 = Release|Any CPU
	EndGlobalSection
	GlobalSection(SolutionProperties) = preSolution
		HideSolutionNode = FALSE
	EndGlobalSection
	GlobalSection(ExtensibilityGlobals) = postSolution
		SolutionGuid = {352D18F6-0164-4C43-8047-FFC27E41303A}
	EndGlobalSection
EndGlobal
